
Microsoft Visual Studio Solution File, Format Version 12.00
# Visual Studio Version 16
VisualStudioVersion = 16.0.31205.134
MinimumVisualStudioVersion = 10.0.40219.1
Project("{FAE04EC0-301F-11D3-BF4B-00C04F79EFBC}") = "UrlShortner", "UrlShortner.csproj", "{F67834F3-19E6-4FBF-A43C-9FC1C8CF6C1B}"
EndProject
Global
	GlobalSection(SolutionConfigurationPlatforms) = preSolution
		Debug|Any CPU = Debug|Any CPU
		Release|Any CPU = Release|Any CPU
	EndGlobalSection
	GlobalSection(ProjectConfigurationPlatforms) = postSolution
		{F67834F3-19E6-4FBF-A43C-9FC1C8CF6C1B}.Debug|Any CPU.ActiveCfg = Debug|Any CPU
		{F67834F3-19E6-4FBF-A43C-9FC1C8CF6C1B}.Debug|Any CPU.Build.0 = Debug|Any CPU
		{F67834F3-19E6-4FBF-A43C-9FC1C8CF6C1B}.Release|Any CPU.ActiveCfg = Release|Any CPU
		{F67834F3-19E6-4FBF-A43C-9FC1C8CF6C1B}.Release|Any CPU.Build.0 = Release|Any CPU
	EndGlobalSection
	GlobalSection(SolutionProperties) = preSolution
		HideSolutionNode = FALSE
	EndGlobalSection
	GlobalSection(ExtensibilityGlobals) = postSolution
		SolutionGuid = {5C2AE98C-8FCC-4257-BCF1-9A74AADDDA34}
	EndGlobalSection
EndGlobal
